
Microsoft Visual Studio Solution File, Format Version 12.00
# Visual Studio Version 17
VisualStudioVersion = 17.8.34330.188
MinimumVisualStudioVersion = 10.0.40219.1
Project("{FAE04EC0-301F-11D3-BF4B-00C04F79EFBC}") = "crudoperation", "akstest\crudoperation.csproj", "{562D92FD-80F6-4D5B-AC9E-7099043006C0}"
EndProject
Global
	GlobalSection(SolutionConfigurationPlatforms) = preSolution
		Debug|Any CPU = Debug|Any CPU
		Release|Any CPU = Release|Any CPU
	EndGlobalSection
	GlobalSection(ProjectConfigurationPlatforms) = postSolution
		{562D92FD-80F6-4D5B-AC9E-7099043006C0}.Debug|Any CPU.ActiveCfg = Debug|Any CPU
		{562D92FD-80F6-4D5B-AC9E-7099043006C0}.Debug|Any CPU.Build.0 = Debug|Any CPU
		{562D92FD-80F6-4D5B-AC9E-7099043006C0}.Release|Any CPU.ActiveCfg = Release|Any CPU
		{562D92FD-80F6-4D5B-AC9E-7099043006C0}.Release|Any CPU.Build.0 = Release|Any CPU
	EndGlobalSection
	GlobalSection(SolutionProperties) = preSolution
		HideSolutionNode = FALSE
	EndGlobalSection
	GlobalSection(ExtensibilityGlobals) = postSolution
		SolutionGuid = {3D12B80C-973E-4F1C-B163-9FD10F35522A}
	EndGlobalSection
EndGlobal
